
Microsoft Visual Studio Solution File, Format Version 12.00
# Visual Studio Version 16
VisualStudioVersion = 16.0.30413.136
MinimumVisualStudioVersion = 10.0.40219.1
Project("{9A19103F-16F7-4668-BE54-9A1E7A4F7556}") = "OcelotGateway", "OcelotGateway\OcelotGateway.csproj", "{22637038-49C8-4BD2-8125-B62B72A7612E}"
EndProject
Project("{2150E333-8FDC-42A3-9474-1A3956D46DE8}") = "Gateway", "Gateway", "{98C87680-BAB4-43AF-B852-FFCBB9E6C5A9}"
EndProject
Project("{2150E333-8FDC-42A3-9474-1A3956D46DE8}") = "Services", "Services", "{38BE923E-F0E4-4E2E-A4E0-9AACB6BA8A44}"
EndProject
Project("{9A19103F-16F7-4668-BE54-9A1E7A4F7556}") = "CalculaJuros.API", "CalculaJuros.API\CalculaJuros.API.csproj", "{4D501945-0D1B-4C58-A203-71120AB97CF1}"
EndProject
Project("{2150E333-8FDC-42A3-9474-1A3956D46DE8}") = "CalculaJuros", "CalculaJuros", "{A1E65E5B-51A2-49E6-95F7-31B98FE1887B}"
EndProject
Project("{9A19103F-16F7-4668-BE54-9A1E7A4F7556}") = "TaxaJuros.API", "TaxaJuros.API\TaxaJuros.API.csproj", "{F744C94D-D63E-4F92-A650-DD8CC26E5262}"
EndProject
Project("{2150E333-8FDC-42A3-9474-1A3956D46DE8}") = "TaxaJuros", "TaxaJuros", "{5BEAE678-C39A-46C4-B312-0C79C0B289E5}"
EndProject
Project("{2150E333-8FDC-42A3-9474-1A3956D46DE8}") = "tests", "tests", "{80E79A5B-6B25-4466-B6FE-26574547045F}"
EndProject
Project("{2150E333-8FDC-42A3-9474-1A3956D46DE8}") = "tests", "tests", "{45F2F204-5CC8-4651-A691-BD6033760F15}"
EndProject
Project("{E53339B2-1760-4266-BCC7-CA923CBCF16C}") = "docker-compose", "docker-compose.dcproj", "{EA6A751F-347E-47B6-B0FB-565548241A67}"
EndProject
Project("{FAE04EC0-301F-11D3-BF4B-00C04F79EFBC}") = "CalculaJuros.UnitTests", "..\CalculaJuros.UnitTests\CalculaJuros.UnitTests.csproj", "{E30F3BC5-6DE2-4846-BB3B-78BA2963B9B5}"
EndProject
Global
	GlobalSection(SolutionConfigurationPlatforms) = preSolution
		Debug|Any CPU = Debug|Any CPU
		Release|Any CPU = Release|Any CPU
	EndGlobalSection
	GlobalSection(ProjectConfigurationPlatforms) = postSolution
		{22637038-49C8-4BD2-8125-B62B72A7612E}.Debug|Any CPU.ActiveCfg = Debug|Any CPU
		{22637038-49C8-4BD2-8125-B62B72A7612E}.Debug|Any CPU.Build.0 = Debug|Any CPU
		{22637038-49C8-4BD2-8125-B62B72A7612E}.Release|Any CPU.ActiveCfg = Release|Any CPU
		{22637038-49C8-4BD2-8125-B62B72A7612E}.Release|Any CPU.Build.0 = Release|Any CPU
		{4D501945-0D1B-4C58-A203-71120AB97CF1}.Debug|Any CPU.ActiveCfg = Debug|Any CPU
		{4D501945-0D1B-4C58-A203-71120AB97CF1}.Debug|Any CPU.Build.0 = Debug|Any CPU
		{4D501945-0D1B-4C58-A203-71120AB97CF1}.Release|Any CPU.ActiveCfg = Release|Any CPU
		{4D501945-0D1B-4C58-A203-71120AB97CF1}.Release|Any CPU.Build.0 = Release|Any CPU
		{F744C94D-D63E-4F92-A650-DD8CC26E5262}.Debug|Any CPU.ActiveCfg = Debug|Any CPU
		{F744C94D-D63E-4F92-A650-DD8CC26E5262}.Debug|Any CPU.Build.0 = Debug|Any CPU
		{F744C94D-D63E-4F92-A650-DD8CC26E5262}.Release|Any CPU.ActiveCfg = Release|Any CPU
		{F744C94D-D63E-4F92-A650-DD8CC26E5262}.Release|Any CPU.Build.0 = Release|Any CPU
		{EA6A751F-347E-47B6-B0FB-565548241A67}.Debug|Any CPU.ActiveCfg = Debug|Any CPU
		{EA6A751F-347E-47B6-B0FB-565548241A67}.Debug|Any CPU.Build.0 = Debug|Any CPU
		{EA6A751F-347E-47B6-B0FB-565548241A67}.Release|Any CPU.ActiveCfg = Release|Any CPU
		{EA6A751F-347E-47B6-B0FB-565548241A67}.Release|Any CPU.Build.0 = Release|Any CPU
		{E30F3BC5-6DE2-4846-BB3B-78BA2963B9B5}.Debug|Any CPU.ActiveCfg = Debug|Any CPU
		{E30F3BC5-6DE2-4846-BB3B-78BA2963B9B5}.Debug|Any CPU.Build.0 = Debug|Any CPU
		{E30F3BC5-6DE2-4846-BB3B-78BA2963B9B5}.Release|Any CPU.ActiveCfg = Release|Any CPU
		{E30F3BC5-6DE2-4846-BB3B-78BA2963B9B5}.Release|Any CPU.Build.0 = Release|Any CPU
	EndGlobalSection
	GlobalSection(SolutionProperties) = preSolution
		HideSolutionNode = FALSE
	EndGlobalSection
	GlobalSection(NestedProjects) = preSolution
		{22637038-49C8-4BD2-8125-B62B72A7612E} = {98C87680-BAB4-43AF-B852-FFCBB9E6C5A9}
		{4D501945-0D1B-4C58-A203-71120AB97CF1} = {A1E65E5B-51A2-49E6-95F7-31B98FE1887B}
		{A1E65E5B-51A2-49E6-95F7-31B98FE1887B} = {38BE923E-F0E4-4E2E-A4E0-9AACB6BA8A44}
		{F744C94D-D63E-4F92-A650-DD8CC26E5262} = {5BEAE678-C39A-46C4-B312-0C79C0B289E5}
		{5BEAE678-C39A-46C4-B312-0C79C0B289E5} = {38BE923E-F0E4-4E2E-A4E0-9AACB6BA8A44}
		{80E79A5B-6B25-4466-B6FE-26574547045F} = {A1E65E5B-51A2-49E6-95F7-31B98FE1887B}
		{45F2F204-5CC8-4651-A691-BD6033760F15} = {5BEAE678-C39A-46C4-B312-0C79C0B289E5}
		{E30F3BC5-6DE2-4846-BB3B-78BA2963B9B5} = {80E79A5B-6B25-4466-B6FE-26574547045F}
	EndGlobalSection
	GlobalSection(ExtensibilityGlobals) = postSolution
		SolutionGuid = {25F24C0E-C92F-4439-8ABE-A5D5CF191A09}
	EndGlobalSection
EndGlobal
